// !$*UTF8*$!
{
	archiveVersion = 1;
	classes = {
	};
	objectVersion = 46;
	objects = {

/* Begin PBXBuildFile section */
		9505696C1DFFD3030096458D /* main.m in Sources */ = {isa = PBXBuildFile; fileRef = 9505696B1DFFD3030096458D /* main.m */; };
		9505696F1DFFD3030096458D /* RGTAppDelegate.m in Sources */ = {isa = PBXBuildFile; fileRef = 9505696E1DFFD3030096458D /* RGTAppDelegate.m */; };
		950569751DFFD3030096458D /* Main.storyboard in Resources */ = {isa = PBXBuildFile; fileRef = 950569731DFFD3030096458D /* Main.storyboard */; };
		950569771DFFD3030096458D /* Assets.xcassets in Resources */ = {isa = PBXBuildFile; fileRef = 950569761DFFD3030096458D /* Assets.xcassets */; };
		9505697A1DFFD3030096458D /* LaunchScreen.storyboard in Resources */ = {isa = PBXBuildFile; fileRef = 950569781DFFD3030096458D /* LaunchScreen.storyboard */; };
		955316531E03C9B800B95FFD /* RGTArticleContentViewController.m in Sources */ = {isa = PBXBuildFile; fileRef = 955316521E03C9B800B95FFD /* RGTArticleContentViewController.m */; };
		955316551E03E66900B95FFD /* WebKit.framework in Frameworks */ = {isa = PBXBuildFile; fileRef = 955316541E03E66900B95FFD /* WebKit.framework */; };
		955316591E03F3DF00B95FFD /* RGTArticlesTableViewCell.m in Sources */ = {isa = PBXBuildFile; fileRef = 955316581E03F3DF00B95FFD /* RGTArticlesTableViewCell.m */; };
		9557782C1E0281F1007EAA55 /* RGTArticle.m in Sources */ = {isa = PBXBuildFile; fileRef = 9557782B1E0281F1007EAA55 /* RGTArticle.m */; };
		9557782F1E028380007EAA55 /* RGTAPIClient.m in Sources */ = {isa = PBXBuildFile; fileRef = 9557782E1E028380007EAA55 /* RGTAPIClient.m */; };
		955778341E0293D6007EAA55 /* NSError+RGTErrorCodes.m in Sources */ = {isa = PBXBuildFile; fileRef = 955778331E0293D6007EAA55 /* NSError+RGTErrorCodes.m */; };
		95789F8B1E044EA900FE3BFD /* RGTDatastore.m in Sources */ = {isa = PBXBuildFile; fileRef = 95789F8A1E044EA900FE3BFD /* RGTDatastore.m */; };
		95789F8E1E05351500FE3BFD /* RGTArticlesDownloder.m in Sources */ = {isa = PBXBuildFile; fileRef = 95789F8D1E05351500FE3BFD /* RGTArticlesDownloder.m */; };
		95789F911E0672B500FE3BFD /* NSMutableArray+RGTAdditions.m in Sources */ = {isa = PBXBuildFile; fileRef = 95789F901E0672B500FE3BFD /* NSMutableArray+RGTAdditions.m */; };
		95F6BD4E1E02A24900E49486 /* RGTCore.m in Sources */ = {isa = PBXBuildFile; fileRef = 95F6BD4D1E02A24900E49486 /* RGTCore.m */; };
		95F6BD501E02BF3300E49486 /* RGTAPIClientTests.m in Sources */ = {isa = PBXBuildFile; fileRef = 95F6BD4F1E02BF3300E49486 /* RGTAPIClientTests.m */; };
		95F6BD541E02DCD300E49486 /* RGTCoreTests.m in Sources */ = {isa = PBXBuildFile; fileRef = 95F6BD531E02DCD300E49486 /* RGTCoreTests.m */; };
		95F6BD5D1E032A8700E49486 /* RGTArticlesTableViewController.m in Sources */ = {isa = PBXBuildFile; fileRef = 95F6BD5C1E032A8600E49486 /* RGTArticlesTableViewController.m */; };
		BF3BF2AE80BCA2583186996C /* libPods-RGTestProject.a in Frameworks */ = {isa = PBXBuildFile; fileRef = 50EB4F778FC32F4524913488 /* libPods-RGTestProject.a */; };
/* End PBXBuildFile section */

/* Begin PBXContainerItemProxy section */
		950569811DFFD3040096458D /* PBXContainerItemProxy */ = {
			isa = PBXContainerItemProxy;
			containerPortal = 9505695F1DFFD3030096458D /* Project object */;
			proxyType = 1;
			remoteGlobalIDString = 950569661DFFD3030096458D;
			remoteInfo = RGTestProject;
		};
/* End PBXContainerItemProxy section */

/* Begin PBXFileReference section */
		2D3A72689B47C827D49BC2F9 /* Pods-RGTestProject.release.xcconfig */ = {isa = PBXFileReference; includeInIndex = 1; lastKnownFileType = text.xcconfig; name = "Pods-RGTestProject.release.xcconfig"; path = "Pods/Target Support Files/Pods-RGTestProject/Pods-RGTestProject.release.xcconfig"; sourceTree = "<group>"; };
		50EB4F778FC32F4524913488 /* libPods-RGTestProject.a */ = {isa = PBXFileReference; explicitFileType = archive.ar; includeInIndex = 0; path = "libPods-RGTestProject.a"; sourceTree = BUILT_PRODUCTS_DIR; };
		950569671DFFD3030096458D /* RGTestProject.app */ = {isa = PBXFileReference; explicitFileType = wrapper.application; includeInIndex = 0; path = RGTestProject.app; sourceTree = BUILT_PRODUCTS_DIR; };
		9505696B1DFFD3030096458D /* main.m */ = {isa = PBXFileReference; lastKnownFileType = sourcecode.c.objc; path = main.m; sourceTree = "<group>"; };
		9505696D1DFFD3030096458D /* RGTAppDelegate.h */ = {isa = PBXFileReference; lastKnownFileType = sourcecode.c.h; path = RGTAppDelegate.h; sourceTree = "<group>"; };
		9505696E1DFFD3030096458D /* RGTAppDelegate.m */ = {isa = PBXFileReference; lastKnownFileType = sourcecode.c.objc; path = RGTAppDelegate.m; sourceTree = "<group>"; };
		950569741DFFD3030096458D /* Base */ = {isa = PBXFileReference; lastKnownFileType = file.storyboard; name = Base; path = Base.lproj/Main.storyboard; sourceTree = "<group>"; };
		950569761DFFD3030096458D /* Assets.xcassets */ = {isa = PBXFileReference; lastKnownFileType = folder.assetcatalog; path = Assets.xcassets; sourceTree = "<group>"; };
		950569791DFFD3030096458D /* Base */ = {isa = PBXFileReference; lastKnownFileType = file.storyboard; name = Base; path = Base.lproj/LaunchScreen.storyboard; sourceTree = "<group>"; };
		9505697B1DFFD3030096458D /* Info.plist */ = {isa = PBXFileReference; lastKnownFileType = text.plist.xml; path = Info.plist; sourceTree = "<group>"; };
		950569801DFFD3040096458D /* RGTestProjectTests.xctest */ = {isa = PBXFileReference; explicitFileType = wrapper.cfbundle; includeInIndex = 0; path = RGTestProjectTests.xctest; sourceTree = BUILT_PRODUCTS_DIR; };
		950569861DFFD3040096458D /* Info.plist */ = {isa = PBXFileReference; lastKnownFileType = text.plist.xml; path = Info.plist; sourceTree = "<group>"; };
		955316511E03C9B800B95FFD /* RGTArticleContentViewController.h */ = {isa = PBXFileReference; fileEncoding = 4; lastKnownFileType = sourcecode.c.h; path = RGTArticleContentViewController.h; sourceTree = "<group>"; };
		955316521E03C9B800B95FFD /* RGTArticleContentViewController.m */ = {isa = PBXFileReference; fileEncoding = 4; lastKnownFileType = sourcecode.c.objc; path = RGTArticleContentViewController.m; sourceTree = "<group>"; };
		955316541E03E66900B95FFD /* WebKit.framework */ = {isa = PBXFileReference; lastKnownFileType = wrapper.framework; name = WebKit.framework; path = System/Library/Frameworks/WebKit.framework; sourceTree = SDKROOT; };
		955316571E03F3DF00B95FFD /* RGTArticlesTableViewCell.h */ = {isa = PBXFileReference; fileEncoding = 4; lastKnownFileType = sourcecode.c.h; path = RGTArticlesTableViewCell.h; sourceTree = "<group>"; };
		955316581E03F3DF00B95FFD /* RGTArticlesTableViewCell.m */ = {isa = PBXFileReference; fileEncoding = 4; lastKnownFileType = sourcecode.c.objc; path = RGTArticlesTableViewCell.m; sourceTree = "<group>"; };
		9557782A1E0281F1007EAA55 /* RGTArticle.h */ = {isa = PBXFileReference; fileEncoding = 4; lastKnownFileType = sourcecode.c.h; path = RGTArticle.h; sourceTree = "<group>"; };
		9557782B1E0281F1007EAA55 /* RGTArticle.m */ = {isa = PBXFileReference; fileEncoding = 4; lastKnownFileType = sourcecode.c.objc; path = RGTArticle.m; sourceTree = "<group>"; };
		9557782D1E028380007EAA55 /* RGTAPIClient.h */ = {isa = PBXFileReference; fileEncoding = 4; lastKnownFileType = sourcecode.c.h; path = RGTAPIClient.h; sourceTree = "<group>"; };
		9557782E1E028380007EAA55 /* RGTAPIClient.m */ = {isa = PBXFileReference; fileEncoding = 4; lastKnownFileType = sourcecode.c.objc; path = RGTAPIClient.m; sourceTree = "<group>"; };
		955778321E0293D6007EAA55 /* NSError+RGTErrorCodes.h */ = {isa = PBXFileReference; fileEncoding = 4; lastKnownFileType = sourcecode.c.h; path = "NSError+RGTErrorCodes.h"; sourceTree = "<group>"; };
		955778331E0293D6007EAA55 /* NSError+RGTErrorCodes.m */ = {isa = PBXFileReference; fileEncoding = 4; lastKnownFileType = sourcecode.c.objc; path = "NSError+RGTErrorCodes.m"; sourceTree = "<group>"; };
		95789F891E044EA900FE3BFD /* RGTDatastore.h */ = {isa = PBXFileReference; fileEncoding = 4; lastKnownFileType = sourcecode.c.h; path = RGTDatastore.h; sourceTree = "<group>"; };
		95789F8A1E044EA900FE3BFD /* RGTDatastore.m */ = {isa = PBXFileReference; fileEncoding = 4; lastKnownFileType = sourcecode.c.objc; path = RGTDatastore.m; sourceTree = "<group>"; };
		95789F8C1E05351500FE3BFD /* RGTArticlesDownloder.h */ = {isa = PBXFileReference; fileEncoding = 4; lastKnownFileType = sourcecode.c.h; path = RGTArticlesDownloder.h; sourceTree = "<group>"; };
		95789F8D1E05351500FE3BFD /* RGTArticlesDownloder.m */ = {isa = PBXFileReference; fileEncoding = 4; lastKnownFileType = sourcecode.c.objc; path = RGTArticlesDownloder.m; sourceTree = "<group>"; };
		95789F8F1E0672B500FE3BFD /* NSMutableArray+RGTAdditions.h */ = {isa = PBXFileReference; fileEncoding = 4; lastKnownFileType = sourcecode.c.h; path = "NSMutableArray+RGTAdditions.h"; sourceTree = "<group>"; };
		95789F901E0672B500FE3BFD /* NSMutableArray+RGTAdditions.m */ = {isa = PBXFileReference; fileEncoding = 4; lastKnownFileType = sourcecode.c.objc; path = "NSMutableArray+RGTAdditions.m"; sourceTree = "<group>"; };
		95F6BD4C1E02A24900E49486 /* RGTCore.h */ = {isa = PBXFileReference; fileEncoding = 4; lastKnownFileType = sourcecode.c.h; path = RGTCore.h; sourceTree = "<group>"; };
		95F6BD4D1E02A24900E49486 /* RGTCore.m */ = {isa = PBXFileReference; fileEncoding = 4; lastKnownFileType = sourcecode.c.objc; path = RGTCore.m; sourceTree = "<group>"; };
		95F6BD4F1E02BF3300E49486 /* RGTAPIClientTests.m */ = {isa = PBXFileReference; fileEncoding = 4; lastKnownFileType = sourcecode.c.objc; path = RGTAPIClientTests.m; sourceTree = "<group>"; };
		95F6BD531E02DCD300E49486 /* RGTCoreTests.m */ = {isa = PBXFileReference; fileEncoding = 4; lastKnownFileType = sourcecode.c.objc; path = RGTCoreTests.m; sourceTree = "<group>"; };
		95F6BD5B1E032A8600E49486 /* RGTArticlesTableViewController.h */ = {isa = PBXFileReference; fileEncoding = 4; lastKnownFileType = sourcecode.c.h; path = RGTArticlesTableViewController.h; sourceTree = "<group>"; };
		95F6BD5C1E032A8600E49486 /* RGTArticlesTableViewController.m */ = {isa = PBXFileReference; fileEncoding = 4; lastKnownFileType = sourcecode.c.objc; path = RGTArticlesTableViewController.m; sourceTree = "<group>"; };
		B6167FFF3FABB918D4977A44 /* Pods-RGTestProject.debug.xcconfig */ = {isa = PBXFileReference; includeInIndex = 1; lastKnownFileType = text.xcconfig; name = "Pods-RGTestProject.debug.xcconfig"; path = "Pods/Target Support Files/Pods-RGTestProject/Pods-RGTestProject.debug.xcconfig"; sourceTree = "<group>"; };
/* End PBXFileReference section */

/* Begin PBXFrameworksBuildPhase section */
		950569641DFFD3030096458D /* Frameworks */ = {
			isa = PBXFrameworksBuildPhase;
			buildActionMask = 2147483647;
			files = (
				955316551E03E66900B95FFD /* WebKit.framework in Frameworks */,
				BF3BF2AE80BCA2583186996C /* libPods-RGTestProject.a in Frameworks */,
			);
			runOnlyForDeploymentPostprocessing = 0;
		};
		9505697D1DFFD3040096458D /* Frameworks */ = {
			isa = PBXFrameworksBuildPhase;
			buildActionMask = 2147483647;
			files = (
			);
			runOnlyForDeploymentPostprocessing = 0;
		};
/* End PBXFrameworksBuildPhase section */

/* Begin PBXGroup section */
		593CEF90883E1E8AAAEAA279 /* Frameworks */ = {
			isa = PBXGroup;
			children = (
				955316541E03E66900B95FFD /* WebKit.framework */,
				50EB4F778FC32F4524913488 /* libPods-RGTestProject.a */,
			);
			name = Frameworks;
			sourceTree = "<group>";
		};
		9505695E1DFFD3030096458D = {
			isa = PBXGroup;
			children = (
				950569691DFFD3030096458D /* RGTestProject */,
				950569831DFFD3040096458D /* RGTestProjectTests */,
				950569681DFFD3030096458D /* Products */,
				C8A4BB060A29F5355E09E9C9 /* Pods */,
				593CEF90883E1E8AAAEAA279 /* Frameworks */,
			);
			sourceTree = "<group>";
		};
		950569681DFFD3030096458D /* Products */ = {
			isa = PBXGroup;
			children = (
				950569671DFFD3030096458D /* RGTestProject.app */,
				950569801DFFD3040096458D /* RGTestProjectTests.xctest */,
			);
			name = Products;
			sourceTree = "<group>";
		};
		950569691DFFD3030096458D /* RGTestProject */ = {
			isa = PBXGroup;
			children = (
				95789F881E044E0800FE3BFD /* datastore layer */,
				95F6BD511E02D61100E49486 /* UI layer */,
				955778311E0293BC007EAA55 /* common */,
				955778291E015809007EAA55 /* API layer */,
				955778271E01575C007EAA55 /* BL layer */,
				9505696A1DFFD3030096458D /* Supporting Files */,
			);
			path = RGTestProject;
			sourceTree = "<group>";
		};
		9505696A1DFFD3030096458D /* Supporting Files */ = {
			isa = PBXGroup;
			children = (
				9505696D1DFFD3030096458D /* RGTAppDelegate.h */,
				9505696E1DFFD3030096458D /* RGTAppDelegate.m */,
				9505697B1DFFD3030096458D /* Info.plist */,
				9505696B1DFFD3030096458D /* main.m */,
			);
			name = "Supporting Files";
			sourceTree = "<group>";
		};
		950569831DFFD3040096458D /* RGTestProjectTests */ = {
			isa = PBXGroup;
			children = (
				950569861DFFD3040096458D /* Info.plist */,
				95F6BD4F1E02BF3300E49486 /* RGTAPIClientTests.m */,
				95F6BD531E02DCD300E49486 /* RGTCoreTests.m */,
			);
			path = RGTestProjectTests;
			sourceTree = "<group>";
		};
		955316561E03F3C200B95FFD /* cells */ = {
			isa = PBXGroup;
			children = (
				955316571E03F3DF00B95FFD /* RGTArticlesTableViewCell.h */,
				955316581E03F3DF00B95FFD /* RGTArticlesTableViewCell.m */,
			);
			name = cells;
			sourceTree = "<group>";
		};
		955778271E01575C007EAA55 /* BL layer */ = {
			isa = PBXGroup;
			children = (
				955778281E0157B6007EAA55 /* models */,
				95F6BD4C1E02A24900E49486 /* RGTCore.h */,
				95F6BD4D1E02A24900E49486 /* RGTCore.m */,
				95789F8C1E05351500FE3BFD /* RGTArticlesDownloder.h */,
				95789F8D1E05351500FE3BFD /* RGTArticlesDownloder.m */,
			);
			name = "BL layer";
			sourceTree = "<group>";
		};
		955778281E0157B6007EAA55 /* models */ = {
			isa = PBXGroup;
			children = (
				9557782A1E0281F1007EAA55 /* RGTArticle.h */,
				9557782B1E0281F1007EAA55 /* RGTArticle.m */,
			);
			name = models;
			sourceTree = "<group>";
		};
		955778291E015809007EAA55 /* API layer */ = {
			isa = PBXGroup;
			children = (
				9557782D1E028380007EAA55 /* RGTAPIClient.h */,
				9557782E1E028380007EAA55 /* RGTAPIClient.m */,
			);
			name = "API layer";
			sourceTree = "<group>";
		};
		955778311E0293BC007EAA55 /* common */ = {
			isa = PBXGroup;
			children = (
				955778321E0293D6007EAA55 /* NSError+RGTErrorCodes.h */,
				955778331E0293D6007EAA55 /* NSError+RGTErrorCodes.m */,
				95789F8F1E0672B500FE3BFD /* NSMutableArray+RGTAdditions.h */,
				95789F901E0672B500FE3BFD /* NSMutableArray+RGTAdditions.m */,
			);
			name = common;
			sourceTree = "<group>";
		};
		95789F881E044E0800FE3BFD /* datastore layer */ = {
			isa = PBXGroup;
			children = (
				95789F891E044EA900FE3BFD /* RGTDatastore.h */,
				95789F8A1E044EA900FE3BFD /* RGTDatastore.m */,
			);
			name = "datastore layer";
			sourceTree = "<group>";
		};
		95F6BD511E02D61100E49486 /* UI layer */ = {
			isa = PBXGroup;
			children = (
				95F6BD581E02E51300E49486 /* controllers */,
				95F6BD521E02D62B00E49486 /* mediafiles */,
				950569731DFFD3030096458D /* Main.storyboard */,
				950569781DFFD3030096458D /* LaunchScreen.storyboard */,
			);
			name = "UI layer";
			sourceTree = "<group>";
		};
		95F6BD521E02D62B00E49486 /* mediafiles */ = {
			isa = PBXGroup;
			children = (
				950569761DFFD3030096458D /* Assets.xcassets */,
			);
			name = mediafiles;
			sourceTree = "<group>";
		};
		95F6BD581E02E51300E49486 /* controllers */ = {
			isa = PBXGroup;
			children = (
				95F6BD5A1E02E52C00E49486 /* articles */,
				95F6BD591E02E52500E49486 /* settings */,
			);
			name = controllers;
			sourceTree = "<group>";
		};
		95F6BD591E02E52500E49486 /* settings */ = {
			isa = PBXGroup;
			children = (
			);
			name = settings;
			sourceTree = "<group>";
		};
		95F6BD5A1E02E52C00E49486 /* articles */ = {
			isa = PBXGroup;
			children = (
				955316561E03F3C200B95FFD /* cells */,
				95F6BD5B1E032A8600E49486 /* RGTArticlesTableViewController.h */,
				95F6BD5C1E032A8600E49486 /* RGTArticlesTableViewController.m */,
				955316511E03C9B800B95FFD /* RGTArticleContentViewController.h */,
				955316521E03C9B800B95FFD /* RGTArticleContentViewController.m */,
			);
			name = articles;
			sourceTree = "<group>";
		};
		C8A4BB060A29F5355E09E9C9 /* Pods */ = {
			isa = PBXGroup;
			children = (
				B6167FFF3FABB918D4977A44 /* Pods-RGTestProject.debug.xcconfig */,
				2D3A72689B47C827D49BC2F9 /* Pods-RGTestProject.release.xcconfig */,
			);
			name = Pods;
			sourceTree = "<group>";
		};
/* End PBXGroup section */

/* Begin PBXNativeTarget section */
		950569661DFFD3030096458D /* RGTestProject */ = {
			isa = PBXNativeTarget;
			buildConfigurationList = 950569891DFFD3040096458D /* Build configuration list for PBXNativeTarget "RGTestProject" */;
			buildPhases = (
				AAF2688BEB437466EDDAFAD5 /* [CP] Check Pods Manifest.lock */,
				950569631DFFD3030096458D /* Sources */,
				950569641DFFD3030096458D /* Frameworks */,
				950569651DFFD3030096458D /* Resources */,
				355C030B57ED6B969C1CBB4D /* [CP] Embed Pods Frameworks */,
				E4C9F5A9008E6A67DD5223FA /* [CP] Copy Pods Resources */,
			);
			buildRules = (
			);
			dependencies = (
			);
			name = RGTestProject;
			productName = RGTestProject;
			productReference = 950569671DFFD3030096458D /* RGTestProject.app */;
			productType = "com.apple.product-type.application";
		};
		9505697F1DFFD3040096458D /* RGTestProjectTests */ = {
			isa = PBXNativeTarget;
			buildConfigurationList = 9505698C1DFFD3040096458D /* Build configuration list for PBXNativeTarget "RGTestProjectTests" */;
			buildPhases = (
				9505697C1DFFD3040096458D /* Sources */,
				9505697D1DFFD3040096458D /* Frameworks */,
				9505697E1DFFD3040096458D /* Resources */,
			);
			buildRules = (
			);
			dependencies = (
				950569821DFFD3040096458D /* PBXTargetDependency */,
			);
			name = RGTestProjectTests;
			productName = RGTestProjectTests;
			productReference = 950569801DFFD3040096458D /* RGTestProjectTests.xctest */;
			productType = "com.apple.product-type.bundle.unit-test";
		};
/* End PBXNativeTarget section */

/* Begin PBXProject section */
		9505695F1DFFD3030096458D /* Project object */ = {
			isa = PBXProject;
			attributes = {
				LastUpgradeCheck = 0810;
				ORGANIZATIONNAME = "Ramil Garaev";
				TargetAttributes = {
					950569661DFFD3030096458D = {
						CreatedOnToolsVersion = 8.1;
						DevelopmentTeam = 4PNWMMZ23N;
						ProvisioningStyle = Automatic;
					};
					9505697F1DFFD3040096458D = {
						CreatedOnToolsVersion = 8.1;
						DevelopmentTeam = 4PNWMMZ23N;
						ProvisioningStyle = Automatic;
						TestTargetID = 950569661DFFD3030096458D;
					};
				};
			};
			buildConfigurationList = 950569621DFFD3030096458D /* Build configuration list for PBXProject "RGTestProject" */;
			compatibilityVersion = "Xcode 3.2";
			developmentRegion = English;
			hasScannedForEncodings = 0;
			knownRegions = (
				en,
				Base,
			);
			mainGroup = 9505695E1DFFD3030096458D;
			productRefGroup = 950569681DFFD3030096458D /* Products */;
			projectDirPath = "";
			projectRoot = "";
			targets = (
				950569661DFFD3030096458D /* RGTestProject */,
				9505697F1DFFD3040096458D /* RGTestProjectTests */,
			);
		};
/* End PBXProject section */

/* Begin PBXResourcesBuildPhase section */
		950569651DFFD3030096458D /* Resources */ = {
			isa = PBXResourcesBuildPhase;
			buildActionMask = 2147483647;
			files = (
				9505697A1DFFD3030096458D /* LaunchScreen.storyboard in Resources */,
				950569771DFFD3030096458D /* Assets.xcassets in Resources */,
				950569751DFFD3030096458D /* Main.storyboard in Resources */,
			);
			runOnlyForDeploymentPostprocessing = 0;
		};
		9505697E1DFFD3040096458D /* Resources */ = {
			isa = PBXResourcesBuildPhase;
			buildActionMask = 2147483647;
			files = (
			);
			runOnlyForDeploymentPostprocessing = 0;
		};
/* End PBXResourcesBuildPhase section */

/* Begin PBXShellScriptBuildPhase section */
		355C030B57ED6B969C1CBB4D /* [CP] Embed Pods Frameworks */ = {
			isa = PBXShellScriptBuildPhase;
			buildActionMask = 2147483647;
			files = (
			);
			inputPaths = (
			);
			name = "[CP] Embed Pods Frameworks";
			outputPaths = (
			);
			runOnlyForDeploymentPostprocessing = 0;
			shellPath = /bin/sh;
			shellScript = "\"${SRCROOT}/Pods/Target Support Files/Pods-RGTestProject/Pods-RGTestProject-frameworks.sh\"\n";
			showEnvVarsInLog = 0;
		};
		AAF2688BEB437466EDDAFAD5 /* [CP] Check Pods Manifest.lock */ = {
			isa = PBXShellScriptBuildPhase;
			buildActionMask = 2147483647;
			files = (
			);
			inputPaths = (
			);
			name = "[CP] Check Pods Manifest.lock";
			outputPaths = (
			);
			runOnlyForDeploymentPostprocessing = 0;
			shellPath = /bin/sh;
			shellScript = "diff \"${PODS_ROOT}/../Podfile.lock\" \"${PODS_ROOT}/Manifest.lock\" > /dev/null\nif [[ $? != 0 ]] ; then\n    cat << EOM\nerror: The sandbox is not in sync with the Podfile.lock. Run 'pod install' or update your CocoaPods installation.\nEOM\n    exit 1\nfi\n";
			showEnvVarsInLog = 0;
		};
		E4C9F5A9008E6A67DD5223FA /* [CP] Copy Pods Resources */ = {
			isa = PBXShellScriptBuildPhase;
			buildActionMask = 2147483647;
			files = (
			);
			inputPaths = (
			);
			name = "[CP] Copy Pods Resources";
			outputPaths = (
			);
			runOnlyForDeploymentPostprocessing = 0;
			shellPath = /bin/sh;
			shellScript = "\"${SRCROOT}/Pods/Target Support Files/Pods-RGTestProject/Pods-RGTestProject-resources.sh\"\n";
			showEnvVarsInLog = 0;
		};
/* End PBXShellScriptBuildPhase section */

/* Begin PBXSourcesBuildPhase section */
		950569631DFFD3030096458D /* Sources */ = {
			isa = PBXSourcesBuildPhase;
			buildActionMask = 2147483647;
			files = (
				95F6BD4E1E02A24900E49486 /* RGTCore.m in Sources */,
				955778341E0293D6007EAA55 /* NSError+RGTErrorCodes.m in Sources */,
				9505696F1DFFD3030096458D /* RGTAppDelegate.m in Sources */,
				95789F8B1E044EA900FE3BFD /* RGTDatastore.m in Sources */,
				95789F8E1E05351500FE3BFD /* RGTArticlesDownloder.m in Sources */,
				95F6BD5D1E032A8700E49486 /* RGTArticlesTableViewController.m in Sources */,
				9557782C1E0281F1007EAA55 /* RGTArticle.m in Sources */,
				955316531E03C9B800B95FFD /* RGTArticleContentViewController.m in Sources */,
				9505696C1DFFD3030096458D /* main.m in Sources */,
				95789F911E0672B500FE3BFD /* NSMutableArray+RGTAdditions.m in Sources */,
				955316591E03F3DF00B95FFD /* RGTArticlesTableViewCell.m in Sources */,
				9557782F1E028380007EAA55 /* RGTAPIClient.m in Sources */,
			);
			runOnlyForDeploymentPostprocessing = 0;
		};
		9505697C1DFFD3040096458D /* Sources */ = {
			isa = PBXSourcesBuildPhase;
			buildActionMask = 2147483647;
			files = (
				95F6BD541E02DCD300E49486 /* RGTCoreTests.m in Sources */,
				95F6BD501E02BF3300E49486 /* RGTAPIClientTests.m in Sources */,
			);
			runOnlyForDeploymentPostprocessing = 0;
		};
/* End PBXSourcesBuildPhase section */

/* Begin PBXTargetDependency section */
		950569821DFFD3040096458D /* PBXTargetDependency */ = {
			isa = PBXTargetDependency;
			target = 950569661DFFD3030096458D /* RGTestProject */;
			targetProxy = 950569811DFFD3040096458D /* PBXContainerItemProxy */;
		};
/* End PBXTargetDependency section */

/* Begin PBXVariantGroup section */
		950569731DFFD3030096458D /* Main.storyboard */ = {
			isa = PBXVariantGroup;
			children = (
				950569741DFFD3030096458D /* Base */,
			);
			name = Main.storyboard;
			sourceTree = "<group>";
		};
		950569781DFFD3030096458D /* LaunchScreen.storyboard */ = {
			isa = PBXVariantGroup;
			children = (
				950569791DFFD3030096458D /* Base */,
			);
			name = LaunchScreen.storyboard;
			sourceTree = "<group>";
		};
/* End PBXVariantGroup section */

/* Begin XCBuildConfiguration section */
		950569871DFFD3040096458D /* Debug */ = {
			isa = XCBuildConfiguration;
			buildSettings = {
				ALWAYS_SEARCH_USER_PATHS = NO;
				CLANG_ANALYZER_NONNULL = YES;
				CLANG_CXX_LANGUAGE_STANDARD = "gnu++0x";
				CLANG_CXX_LIBRARY = "libc++";
				CLANG_ENABLE_MODULES = YES;
				CLANG_ENABLE_OBJC_ARC = YES;
				CLANG_WARN_BOOL_CONVERSION = YES;
				CLANG_WARN_CONSTANT_CONVERSION = YES;
				CLANG_WARN_DIRECT_OBJC_ISA_USAGE = YES_ERROR;
				CLANG_WARN_DOCUMENTATION_COMMENTS = YES;
				CLANG_WARN_EMPTY_BODY = YES;
				CLANG_WARN_ENUM_CONVERSION = YES;
				CLANG_WARN_INFINITE_RECURSION = YES;
				CLANG_WARN_INT_CONVERSION = YES;
				CLANG_WARN_OBJC_ROOT_CLASS = YES_ERROR;
				CLANG_WARN_SUSPICIOUS_MOVE = YES;
				CLANG_WARN_SUSPICIOUS_MOVES = YES;
				CLANG_WARN_UNREACHABLE_CODE = YES;
				CLANG_WARN__DUPLICATE_METHOD_MATCH = YES;
				"CODE_SIGN_IDENTITY[sdk=iphoneos*]" = "iPhone Developer";
				COPY_PHASE_STRIP = NO;
				DEBUG_INFORMATION_FORMAT = dwarf;
				ENABLE_STRICT_OBJC_MSGSEND = YES;
				ENABLE_TESTABILITY = YES;
				GCC_C_LANGUAGE_STANDARD = gnu99;
				GCC_DYNAMIC_NO_PIC = NO;
				GCC_NO_COMMON_BLOCKS = YES;
				GCC_OPTIMIZATION_LEVEL = 0;
				GCC_PREPROCESSOR_DEFINITIONS = (
					"DEBUG=1",
					"$(inherited)",
				);
				GCC_WARN_64_TO_32_BIT_CONVERSION = YES;
				GCC_WARN_ABOUT_RETURN_TYPE = YES_ERROR;
				GCC_WARN_UNDECLARED_SELECTOR = YES;
				GCC_WARN_UNINITIALIZED_AUTOS = YES_AGGRESSIVE;
				GCC_WARN_UNUSED_FUNCTION = YES;
				GCC_WARN_UNUSED_VARIABLE = YES;
				IPHONEOS_DEPLOYMENT_TARGET = 10.1;
				MTL_ENABLE_DEBUG_INFO = YES;
				ONLY_ACTIVE_ARCH = YES;
				SDKROOT = iphoneos;
			};
			name = Debug;
		};
		950569881DFFD3040096458D /* Release */ = {
			isa = XCBuildConfiguration;
			buildSettings = {
				ALWAYS_SEARCH_USER_PATHS = NO;
				CLANG_ANALYZER_NONNULL = YES;
				CLANG_CXX_LANGUAGE_STANDARD = "gnu++0x";
				CLANG_CXX_LIBRARY = "libc++";
				CLANG_ENABLE_MODULES = YES;
				CLANG_ENABLE_OBJC_ARC = YES;
				CLANG_WARN_BOOL_CONVERSION = YES;
				CLANG_WARN_CONSTANT_CONVERSION = YES;
				CLANG_WARN_DIRECT_OBJC_ISA_USAGE = YES_ERROR;
				CLANG_WARN_DOCUMENTATION_COMMENTS = YES;
				CLANG_WARN_EMPTY_BODY = YES;
				CLANG_WARN_ENUM_CONVERSION = YES;
				CLANG_WARN_INFINITE_RECURSION = YES;
				CLANG_WARN_INT_CONVERSION = YES;
				CLANG_WARN_OBJC_ROOT_CLASS = YES_ERROR;
				CLANG_WARN_SUSPICIOUS_MOVE = YES;
				CLANG_WARN_SUSPICIOUS_MOVES = YES;
				CLANG_WARN_UNREACHABLE_CODE = YES;
				CLANG_WARN__DUPLICATE_METHOD_MATCH = YES;
				"CODE_SIGN_IDENTITY[sdk=iphoneos*]" = "iPhone Developer";
				COPY_PHASE_STRIP = NO;
				DEBUG_INFORMATION_FORMAT = "dwarf-with-dsym";
				ENABLE_NS_ASSERTIONS = NO;
				ENABLE_STRICT_OBJC_MSGSEND = YES;
				GCC_C_LANGUAGE_STANDARD = gnu99;
				GCC_NO_COMMON_BLOCKS = YES;
				GCC_WARN_64_TO_32_BIT_CONVERSION = YES;
				GCC_WARN_ABOUT_RETURN_TYPE = YES_ERROR;
				GCC_WARN_UNDECLARED_SELECTOR = YES;
				GCC_WARN_UNINITIALIZED_AUTOS = YES_AGGRESSIVE;
				GCC_WARN_UNUSED_FUNCTION = YES;
				GCC_WARN_UNUSED_VARIABLE = YES;
				IPHONEOS_DEPLOYMENT_TARGET = 10.1;
				MTL_ENABLE_DEBUG_INFO = NO;
				SDKROOT = iphoneos;
				VALIDATE_PRODUCT = YES;
			};
			name = Release;
		};
		9505698A1DFFD3040096458D /* Debug */ = {
			isa = XCBuildConfiguration;
			baseConfigurationReference = B6167FFF3FABB918D4977A44 /* Pods-RGTestProject.debug.xcconfig */;
			buildSettings = {
				ASSETCATALOG_COMPILER_APPICON_NAME = AppIcon;
				DEVELOPMENT_TEAM = 4PNWMMZ23N;
				INFOPLIST_FILE = RGTestProject/Info.plist;
				IPHONEOS_DEPLOYMENT_TARGET = 9.0;
				LD_RUNPATH_SEARCH_PATHS = "$(inherited) @executable_path/Frameworks";
				PRODUCT_BUNDLE_IDENTIFIER = rgaraev.RGTestProject;
				PRODUCT_NAME = "$(TARGET_NAME)";
				TARGETED_DEVICE_FAMILY = "1,2";
			};
			name = Debug;
		};
		9505698B1DFFD3040096458D /* Release */ = {
			isa = XCBuildConfiguration;
			baseConfigurationReference = 2D3A72689B47C827D49BC2F9 /* Pods-RGTestProject.release.xcconfig */;
			buildSettings = {
				ASSETCATALOG_COMPILER_APPICON_NAME = AppIcon;
				DEVELOPMENT_TEAM = 4PNWMMZ23N;
				INFOPLIST_FILE = RGTestProject/Info.plist;
				IPHONEOS_DEPLOYMENT_TARGET = 9.0;
				LD_RUNPATH_SEARCH_PATHS = "$(inherited) @executable_path/Frameworks";
				PRODUCT_BUNDLE_IDENTIFIER = rgaraev.RGTestProject;
				PRODUCT_NAME = "$(TARGET_NAME)";
				TARGETED_DEVICE_FAMILY = "1,2";
			};
			name = Release;
		};
		9505698D1DFFD3040096458D /* Debug */ = {
			isa = XCBuildConfiguration;
			buildSettings = {
				BUNDLE_LOADER = "$(TEST_HOST)";
				DEVELOPMENT_TEAM = 4PNWMMZ23N;
				INFOPLIST_FILE = RGTestProjectTests/Info.plist;
				LD_RUNPATH_SEARCH_PATHS = "$(inherited) @executable_path/Frameworks @loader_path/Frameworks";
				PRODUCT_BUNDLE_IDENTIFIER = rgaraev.RGTestProjectTests;
				PRODUCT_NAME = "$(TARGET_NAME)";
				TEST_HOST = "$(BUILT_PRODUCTS_DIR)/RGTestProject.app/RGTestProject";
			};
			name = Debug;
		};
		9505698E1DFFD3040096458D /* Release */ = {
			isa = XCBuildConfiguration;
			buildSettings = {
				BUNDLE_LOADER = "$(TEST_HOST)";
				DEVELOPMENT_TEAM = 4PNWMMZ23N;
				INFOPLIST_FILE = RGTestProjectTests/Info.plist;
				LD_RUNPATH_SEARCH_PATHS = "$(inherited) @executable_path/Frameworks @loader_path/Frameworks";
				PRODUCT_BUNDLE_IDENTIFIER = rgaraev.RGTestProjectTests;
				PRODUCT_NAME = "$(TARGET_NAME)";
				TEST_HOST = "$(BUILT_PRODUCTS_DIR)/RGTestProject.app/RGTestProject";
			};
			name = Release;
		};
/* End XCBuildConfiguration section */

/* Begin XCConfigurationList section */
		950569621DFFD3030096458D /* Build configuration list for PBXProject "RGTestProject" */ = {
			isa = XCConfigurationList;
			buildConfigurations = (
				950569871DFFD3040096458D /* Debug */,
				950569881DFFD3040096458D /* Release */,
			);
			defaultConfigurationIsVisible = 0;
			defaultConfigurationName = Release;
		};
		950569891DFFD3040096458D /* Build configuration list for PBXNativeTarget "RGTestProject" */ = {
			isa = XCConfigurationList;
			buildConfigurations = (
				9505698A1DFFD3040096458D /* Debug */,
				9505698B1DFFD3040096458D /* Release */,
			);
			defaultConfigurationIsVisible = 0;
			defaultConfigurationName = Release;
		};
		9505698C1DFFD3040096458D /* Build configuration list for PBXNativeTarget "RGTestProjectTests" */ = {
			isa = XCConfigurationList;
			buildConfigurations = (
				9505698D1DFFD3040096458D /* Debug */,
				9505698E1DFFD3040096458D /* Release */,
			);
			defaultConfigurationIsVisible = 0;
			defaultConfigurationName = Release;
		};
/* End XCConfigurationList section */
	};
	rootObject = 9505695F1DFFD3030096458D /* Project object */;
}
